
Microsoft Visual Studio Solution File, Format Version 12.00
# Visual Studio Version 16
VisualStudioVersion = 16.0.32802.440
MinimumVisualStudioVersion = 10.0.40219.1
Project("{FAE04EC0-301F-11D3-BF4B-00C04F79EFBC}") = "Assinment", "Assinment.csproj", "{3DB3C654-6CEB-4134-8075-41C879E252C6}"
EndProject
Global
	GlobalSection(SolutionConfigurationPlatforms) = preSolution
		Debug|Any CPU = Debug|Any CPU
		Release|Any CPU = Release|Any CPU
	EndGlobalSection
	GlobalSection(ProjectConfigurationPlatforms) = postSolution
		{3DB3C654-6CEB-4134-8075-41C879E252C6}.Debug|Any CPU.ActiveCfg = Debug|Any CPU
		{3DB3C654-6CEB-4134-8075-41C879E252C6}.Debug|Any CPU.Build.0 = Debug|Any CPU
		{3DB3C654-6CEB-4134-8075-41C879E252C6}.Release|Any CPU.ActiveCfg = Release|Any CPU
		{3DB3C654-6CEB-4134-8075-41C879E252C6}.Release|Any CPU.Build.0 = Release|Any CPU
	EndGlobalSection
	GlobalSection(SolutionProperties) = preSolution
		HideSolutionNode = FALSE
	EndGlobalSection
	GlobalSection(ExtensibilityGlobals) = postSolution
		SolutionGuid = {21D63FA7-C37D-438F-B15F-4DAFDCCAAAEB}
	EndGlobalSection
EndGlobal
